
Microsoft Visual Studio Solution File, Format Version 12.00
# Visual Studio Version 16
VisualStudioVersion = 16.0.31019.35
MinimumVisualStudioVersion = 10.0.40219.1
Project("{FAE04EC0-301F-11D3-BF4B-00C04F79EFBC}") = "VizeOdev", "VizeOdev\VizeOdev.csproj", "{EE2EB6E7-0BB7-4967-BDAC-6212C77A72B9}"
EndProject
Global
	GlobalSection(SolutionConfigurationPlatforms) = preSolution
		Debug|Any CPU = Debug|Any CPU
		Release|Any CPU = Release|Any CPU
	EndGlobalSection
	GlobalSection(ProjectConfigurationPlatforms) = postSolution
		{EE2EB6E7-0BB7-4967-BDAC-6212C77A72B9}.Debug|Any CPU.ActiveCfg = Debug|Any CPU
		{EE2EB6E7-0BB7-4967-BDAC-6212C77A72B9}.Debug|Any CPU.Build.0 = Debug|Any CPU
		{EE2EB6E7-0BB7-4967-BDAC-6212C77A72B9}.Release|Any CPU.ActiveCfg = Release|Any CPU
		{EE2EB6E7-0BB7-4967-BDAC-6212C77A72B9}.Release|Any CPU.Build.0 = Release|Any CPU
	EndGlobalSection
	GlobalSection(SolutionProperties) = preSolution
		HideSolutionNode = FALSE
	EndGlobalSection
	GlobalSection(ExtensibilityGlobals) = postSolution
		SolutionGuid = {80DEA692-6618-4CA8-BBBA-04F27FF5FB9D}
	EndGlobalSection
EndGlobal
